// !$*UTF8*$!
{
	archiveVersion = 1;
	classes = {
	};
	objectVersion = 50;
	objects = {

/* Begin PBXBuildFile section */
		1B7133D4213D930A004CB581 /* AppDelegate.swift in Sources */ = {isa = PBXBuildFile; fileRef = 1B7133D3213D930A004CB581 /* AppDelegate.swift */; };
		1B7133D6213D930A004CB581 /* ViewController.swift in Sources */ = {isa = PBXBuildFile; fileRef = 1B7133D5213D930A004CB581 /* ViewController.swift */; };
		1B7133D9213D930A004CB581 /* Main.storyboard in Resources */ = {isa = PBXBuildFile; fileRef = 1B7133D7213D930A004CB581 /* Main.storyboard */; };
		1B7133DB213D930B004CB581 /* Assets.xcassets in Resources */ = {isa = PBXBuildFile; fileRef = 1B7133DA213D930B004CB581 /* Assets.xcassets */; };
		1B7133DE213D930B004CB581 /* LaunchScreen.storyboard in Resources */ = {isa = PBXBuildFile; fileRef = 1B7133DC213D930B004CB581 /* LaunchScreen.storyboard */; };
		1B7133E9213D930B004CB581 /* CalculatorTests.swift in Sources */ = {isa = PBXBuildFile; fileRef = 1B7133E8213D930B004CB581 /* CalculatorTests.swift */; };
		1B7133F4213D930C004CB581 /* CalculatorUITests.swift in Sources */ = {isa = PBXBuildFile; fileRef = 1B7133F3213D930C004CB581 /* CalculatorUITests.swift */; };
		1F3BB3A779C2BA280001C7BC /* Pods_Calculator.framework in Frameworks */ = {isa = PBXBuildFile; fileRef = B7DC36DF12ADFD0C6849CDC4 /* Pods_Calculator.framework */; };
		4FD1B6C8CE97C07D52AAC6EA /* Pods_CalculatorTests.framework in Frameworks */ = {isa = PBXBuildFile; fileRef = 35544CCFD9CF620DE27A5624 /* Pods_CalculatorTests.framework */; };
		ECB82B16412D75F86382E523 /* Pods_CalculatorUITests.framework in Frameworks */ = {isa = PBXBuildFile; fileRef = F37941608E67244A6A484AE9 /* Pods_CalculatorUITests.framework */; };
/* End PBXBuildFile section */

/* Begin PBXContainerItemProxy section */
		1B7133E5213D930B004CB581 /* PBXContainerItemProxy */ = {
			isa = PBXContainerItemProxy;
			containerPortal = 1B7133C8213D930A004CB581 /* Project object */;
			proxyType = 1;
			remoteGlobalIDString = 1B7133CF213D930A004CB581;
			remoteInfo = Calculator;
		};
		1B7133F0213D930C004CB581 /* PBXContainerItemProxy */ = {
			isa = PBXContainerItemProxy;
			containerPortal = 1B7133C8213D930A004CB581 /* Project object */;
			proxyType = 1;
			remoteGlobalIDString = 1B7133CF213D930A004CB581;
			remoteInfo = Calculator;
		};
/* End PBXContainerItemProxy section */

/* Begin PBXFileReference section */
		1B7133D0213D930A004CB581 /* Calculator.app */ = {isa = PBXFileReference; explicitFileType = wrapper.application; includeInIndex = 0; path = Calculator.app; sourceTree = BUILT_PRODUCTS_DIR; };
		1B7133D3213D930A004CB581 /* AppDelegate.swift */ = {isa = PBXFileReference; lastKnownFileType = sourcecode.swift; path = AppDelegate.swift; sourceTree = "<group>"; };
		1B7133D5213D930A004CB581 /* ViewController.swift */ = {isa = PBXFileReference; lastKnownFileType = sourcecode.swift; path = ViewController.swift; sourceTree = "<group>"; };
		1B7133D8213D930A004CB581 /* Base */ = {isa = PBXFileReference; lastKnownFileType = file.storyboard; name = Base; path = Base.lproj/Main.storyboard; sourceTree = "<group>"; };
		1B7133DA213D930B004CB581 /* Assets.xcassets */ = {isa = PBXFileReference; lastKnownFileType = folder.assetcatalog; path = Assets.xcassets; sourceTree = "<group>"; };
		1B7133DD213D930B004CB581 /* Base */ = {isa = PBXFileReference; lastKnownFileType = file.storyboard; name = Base; path = Base.lproj/LaunchScreen.storyboard; sourceTree = "<group>"; };
		1B7133DF213D930B004CB581 /* Info.plist */ = {isa = PBXFileReference; lastKnownFileType = text.plist.xml; path = Info.plist; sourceTree = "<group>"; };
		1B7133E4213D930B004CB581 /* CalculatorTests.xctest */ = {isa = PBXFileReference; explicitFileType = wrapper.cfbundle; includeInIndex = 0; path = CalculatorTests.xctest; sourceTree = BUILT_PRODUCTS_DIR; };
		1B7133E8213D930B004CB581 /* CalculatorTests.swift */ = {isa = PBXFileReference; lastKnownFileType = sourcecode.swift; path = CalculatorTests.swift; sourceTree = "<group>"; };
		1B7133EA213D930C004CB581 /* Info.plist */ = {isa = PBXFileReference; lastKnownFileType = text.plist.xml; path = Info.plist; sourceTree = "<group>"; };
		1B7133EF213D930C004CB581 /* CalculatorUITests.xctest */ = {isa = PBXFileReference; explicitFileType = wrapper.cfbundle; includeInIndex = 0; path = CalculatorUITests.xctest; sourceTree = BUILT_PRODUCTS_DIR; };
		1B7133F3213D930C004CB581 /* CalculatorUITests.swift */ = {isa = PBXFileReference; lastKnownFileType = sourcecode.swift; path = CalculatorUITests.swift; sourceTree = "<group>"; };
		1B7133F5213D930C004CB581 /* Info.plist */ = {isa = PBXFileReference; lastKnownFileType = text.plist.xml; path = Info.plist; sourceTree = "<group>"; };
		283A21BB502700F4E248386D /* Pods-CalculatorUITests.debug.xcconfig */ = {isa = PBXFileReference; includeInIndex = 1; lastKnownFileType = text.xcconfig; name = "Pods-CalculatorUITests.debug.xcconfig"; path = "Pods/Target Support Files/Pods-CalculatorUITests/Pods-CalculatorUITests.debug.xcconfig"; sourceTree = "<group>"; };
		35544CCFD9CF620DE27A5624 /* Pods_CalculatorTests.framework */ = {isa = PBXFileReference; explicitFileType = wrapper.framework; includeInIndex = 0; path = Pods_CalculatorTests.framework; sourceTree = BUILT_PRODUCTS_DIR; };
		6D31F5EA4379FACDAC0A028A /* Pods-Calculator.release.xcconfig */ = {isa = PBXFileReference; includeInIndex = 1; lastKnownFileType = text.xcconfig; name = "Pods-Calculator.release.xcconfig"; path = "Pods/Target Support Files/Pods-Calculator/Pods-Calculator.release.xcconfig"; sourceTree = "<group>"; };
		950643B82A7DC11936C8D8D9 /* Pods-Calculator.debug.xcconfig */ = {isa = PBXFileReference; includeInIndex = 1; lastKnownFileType = text.xcconfig; name = "Pods-Calculator.debug.xcconfig"; path = "Pods/Target Support Files/Pods-Calculator/Pods-Calculator.debug.xcconfig"; sourceTree = "<group>"; };
		9E9080E76CE9C72A1197C045 /* Pods-CalculatorTests.release.xcconfig */ = {isa = PBXFileReference; includeInIndex = 1; lastKnownFileType = text.xcconfig; name = "Pods-CalculatorTests.release.xcconfig"; path = "Pods/Target Support Files/Pods-CalculatorTests/Pods-CalculatorTests.release.xcconfig"; sourceTree = "<group>"; };
		B7DC36DF12ADFD0C6849CDC4 /* Pods_Calculator.framework */ = {isa = PBXFileReference; explicitFileType = wrapper.framework; includeInIndex = 0; path = Pods_Calculator.framework; sourceTree = BUILT_PRODUCTS_DIR; };
		C64FC923AC8570C4DE8F12FA /* Pods-CalculatorUITests.release.xcconfig */ = {isa = PBXFileReference; includeInIndex = 1; lastKnownFileType = text.xcconfig; name = "Pods-CalculatorUITests.release.xcconfig"; path = "Pods/Target Support Files/Pods-CalculatorUITests/Pods-CalculatorUITests.release.xcconfig"; sourceTree = "<group>"; };
		F37941608E67244A6A484AE9 /* Pods_CalculatorUITests.framework */ = {isa = PBXFileReference; explicitFileType = wrapper.framework; includeInIndex = 0; path = Pods_CalculatorUITests.framework; sourceTree = BUILT_PRODUCTS_DIR; };
		F619AB780A425F23C15C26D6 /* Pods-CalculatorTests.debug.xcconfig */ = {isa = PBXFileReference; includeInIndex = 1; lastKnownFileType = text.xcconfig; name = "Pods-CalculatorTests.debug.xcconfig"; path = "Pods/Target Support Files/Pods-CalculatorTests/Pods-CalculatorTests.debug.xcconfig"; sourceTree = "<group>"; };
/* End PBXFileReference section */

/* Begin PBXFrameworksBuildPhase section */
		1B7133CD213D930A004CB581 /* Frameworks */ = {
			isa = PBXFrameworksBuildPhase;
			buildActionMask = 2147483647;
			files = (
				1F3BB3A779C2BA280001C7BC /* Pods_Calculator.framework in Frameworks */,
			);
			runOnlyForDeploymentPostprocessing = 0;
		};
		1B7133E1213D930B004CB581 /* Frameworks */ = {
			isa = PBXFrameworksBuildPhase;
			buildActionMask = 2147483647;
			files = (
				4FD1B6C8CE97C07D52AAC6EA /* Pods_CalculatorTests.framework in Frameworks */,
			);
			runOnlyForDeploymentPostprocessing = 0;
		};
		1B7133EC213D930C004CB581 /* Frameworks */ = {
			isa = PBXFrameworksBuildPhase;
			buildActionMask = 2147483647;
			files = (
				ECB82B16412D75F86382E523 /* Pods_CalculatorUITests.framework in Frameworks */,
			);
			runOnlyForDeploymentPostprocessing = 0;
		};
/* End PBXFrameworksBuildPhase section */

/* Begin PBXGroup section */
		1B7133C7213D930A004CB581 = {
			isa = PBXGroup;
			children = (
				1B7133D2213D930A004CB581 /* Calculator */,
				1B7133E7213D930B004CB581 /* CalculatorTests */,
				1B7133F2213D930C004CB581 /* CalculatorUITests */,
				1B7133D1213D930A004CB581 /* Products */,
				6A3DD7B97166A8FE017039D0 /* Pods */,
				FA414E6AB52E3890B75267BF /* Frameworks */,
			);
			sourceTree = "<group>";
		};
		1B7133D1213D930A004CB581 /* Products */ = {
			isa = PBXGroup;
			children = (
				1B7133D0213D930A004CB581 /* Calculator.app */,
				1B7133E4213D930B004CB581 /* CalculatorTests.xctest */,
				1B7133EF213D930C004CB581 /* CalculatorUITests.xctest */,
			);
			name = Products;
			sourceTree = "<group>";
		};
		1B7133D2213D930A004CB581 /* Calculator */ = {
			isa = PBXGroup;
			children = (
				1B7133D3213D930A004CB581 /* AppDelegate.swift */,
				1B7133D5213D930A004CB581 /* ViewController.swift */,
				1B7133D7213D930A004CB581 /* Main.storyboard */,
				1B7133DA213D930B004CB581 /* Assets.xcassets */,
				1B7133DC213D930B004CB581 /* LaunchScreen.storyboard */,
				1B7133DF213D930B004CB581 /* Info.plist */,
			);
			path = Calculator;
			sourceTree = "<group>";
		};
		1B7133E7213D930B004CB581 /* CalculatorTests */ = {
			isa = PBXGroup;
			children = (
				1B7133E8213D930B004CB581 /* CalculatorTests.swift */,
				1B7133EA213D930C004CB581 /* Info.plist */,
			);
			path = CalculatorTests;
			sourceTree = "<group>";
		};
		1B7133F2213D930C004CB581 /* CalculatorUITests */ = {
			isa = PBXGroup;
			children = (
				1B7133F3213D930C004CB581 /* CalculatorUITests.swift */,
				1B7133F5213D930C004CB581 /* Info.plist */,
			);
			path = CalculatorUITests;
			sourceTree = "<group>";
		};
		6A3DD7B97166A8FE017039D0 /* Pods */ = {
			isa = PBXGroup;
			children = (
				950643B82A7DC11936C8D8D9 /* Pods-Calculator.debug.xcconfig */,
				6D31F5EA4379FACDAC0A028A /* Pods-Calculator.release.xcconfig */,
				F619AB780A425F23C15C26D6 /* Pods-CalculatorTests.debug.xcconfig */,
				9E9080E76CE9C72A1197C045 /* Pods-CalculatorTests.release.xcconfig */,
				283A21BB502700F4E248386D /* Pods-CalculatorUITests.debug.xcconfig */,
				C64FC923AC8570C4DE8F12FA /* Pods-CalculatorUITests.release.xcconfig */,
			);
			name = Pods;
			sourceTree = "<group>";
		};
		FA414E6AB52E3890B75267BF /* Frameworks */ = {
			isa = PBXGroup;
			children = (
				B7DC36DF12ADFD0C6849CDC4 /* Pods_Calculator.framework */,
				35544CCFD9CF620DE27A5624 /* Pods_CalculatorTests.framework */,
				F37941608E67244A6A484AE9 /* Pods_CalculatorUITests.framework */,
			);
			name = Frameworks;
			sourceTree = "<group>";
		};
/* End PBXGroup section */

/* Begin PBXNativeTarget section */
		1B7133CF213D930A004CB581 /* Calculator */ = {
			isa = PBXNativeTarget;
			buildConfigurationList = 1B7133F8213D930C004CB581 /* Build configuration list for PBXNativeTarget "Calculator" */;
			buildPhases = (
				1D60E686DDD89485C9E6749D /* [CP] Check Pods Manifest.lock */,
				1B7133CC213D930A004CB581 /* Sources */,
				1B7133CD213D930A004CB581 /* Frameworks */,
				1B7133CE213D930A004CB581 /* Resources */,
			);
			buildRules = (
			);
			dependencies = (
			);
			name = Calculator;
			productName = Calculator;
			productReference = 1B7133D0213D930A004CB581 /* Calculator.app */;
			productType = "com.apple.product-type.application";
		};
		1B7133E3213D930B004CB581 /* CalculatorTests */ = {
			isa = PBXNativeTarget;
			buildConfigurationList = 1B7133FB213D930C004CB581 /* Build configuration list for PBXNativeTarget "CalculatorTests" */;
			buildPhases = (
				CF39B64C81F657541C910D83 /* [CP] Check Pods Manifest.lock */,
				1B7133E0213D930B004CB581 /* Sources */,
				1B7133E1213D930B004CB581 /* Frameworks */,
				1B7133E2213D930B004CB581 /* Resources */,
			);
			buildRules = (
			);
			dependencies = (
				1B7133E6213D930B004CB581 /* PBXTargetDependency */,
			);
			name = CalculatorTests;
			productName = CalculatorTests;
			productReference = 1B7133E4213D930B004CB581 /* CalculatorTests.xctest */;
			productType = "com.apple.product-type.bundle.unit-test";
		};
		1B7133EE213D930C004CB581 /* CalculatorUITests */ = {
			isa = PBXNativeTarget;
			buildConfigurationList = 1B7133FE213D930C004CB581 /* Build configuration list for PBXNativeTarget "CalculatorUITests" */;
			buildPhases = (
				F7C214DBB3C243678CD09C17 /* [CP] Check Pods Manifest.lock */,
				1B7133EB213D930C004CB581 /* Sources */,
				1B7133EC213D930C004CB581 /* Frameworks */,
				1B7133ED213D930C004CB581 /* Resources */,
			);
			buildRules = (
			);
			dependencies = (
				1B7133F1213D930C004CB581 /* PBXTargetDependency */,
			);
			name = CalculatorUITests;
			productName = CalculatorUITests;
			productReference = 1B7133EF213D930C004CB581 /* CalculatorUITests.xctest */;
			productType = "com.apple.product-type.bundle.ui-testing";
		};
/* End PBXNativeTarget section */

/* Begin PBXProject section */
		1B7133C8213D930A004CB581 /* Project object */ = {
			isa = PBXProject;
			attributes = {
				LastSwiftUpdateCheck = 0940;
				LastUpgradeCheck = 0940;
				ORGANIZATIONNAME = "Thomas Nguyen";
				TargetAttributes = {
					1B7133CF213D930A004CB581 = {
						CreatedOnToolsVersion = 9.4.1;
					};
					1B7133E3213D930B004CB581 = {
						CreatedOnToolsVersion = 9.4.1;
						TestTargetID = 1B7133CF213D930A004CB581;
					};
					1B7133EE213D930C004CB581 = {
						CreatedOnToolsVersion = 9.4.1;
						TestTargetID = 1B7133CF213D930A004CB581;
					};
				};
			};
			buildConfigurationList = 1B7133CB213D930A004CB581 /* Build configuration list for PBXProject "Calculator" */;
			compatibilityVersion = "Xcode 9.3";
			developmentRegion = en;
			hasScannedForEncodings = 0;
			knownRegions = (
				en,
				Base,
			);
			mainGroup = 1B7133C7213D930A004CB581;
			productRefGroup = 1B7133D1213D930A004CB581 /* Products */;
			projectDirPath = "";
			projectRoot = "";
			targets = (
				1B7133CF213D930A004CB581 /* Calculator */,
				1B7133E3213D930B004CB581 /* CalculatorTests */,
				1B7133EE213D930C004CB581 /* CalculatorUITests */,
			);
		};
/* End PBXProject section */

/* Begin PBXResourcesBuildPhase section */
		1B7133CE213D930A004CB581 /* Resources */ = {
			isa = PBXResourcesBuildPhase;
			buildActionMask = 2147483647;
			files = (
				1B7133DE213D930B004CB581 /* LaunchScreen.storyboard in Resources */,
				1B7133DB213D930B004CB581 /* Assets.xcassets in Resources */,
				1B7133D9213D930A004CB581 /* Main.storyboard in Resources */,
			);
			runOnlyForDeploymentPostprocessing = 0;
		};
		1B7133E2213D930B004CB581 /* Resources */ = {
			isa = PBXResourcesBuildPhase;
			buildActionMask = 2147483647;
			files = (
			);
			runOnlyForDeploymentPostprocessing = 0;
		};
		1B7133ED213D930C004CB581 /* Resources */ = {
			isa = PBXResourcesBuildPhase;
			buildActionMask = 2147483647;
			files = (
			);
			runOnlyForDeploymentPostprocessing = 0;
		};
/* End PBXResourcesBuildPhase section */

/* Begin PBXShellScriptBuildPhase section */
		1D60E686DDD89485C9E6749D /* [CP] Check Pods Manifest.lock */ = {
			isa = PBXShellScriptBuildPhase;
			buildActionMask = 2147483647;
			files = (
			);
			inputFileListPaths = (
			);
			inputPaths = (
				"${PODS_PODFILE_DIR_PATH}/Podfile.lock",
				"${PODS_ROOT}/Manifest.lock",
			);
			name = "[CP] Check Pods Manifest.lock";
			outputFileListPaths = (
			);
			outputPaths = (
				"$(DERIVED_FILE_DIR)/Pods-Calculator-checkManifestLockResult.txt",
			);
			runOnlyForDeploymentPostprocessing = 0;
			shellPath = /bin/sh;
			shellScript = "diff \"${PODS_PODFILE_DIR_PATH}/Podfile.lock\" \"${PODS_ROOT}/Manifest.lock\" > /dev/null\nif [ $? != 0 ] ; then\n    # print error to STDERR\n    echo \"error: The sandbox is not in sync with the Podfile.lock. Run 'pod install' or update your CocoaPods installation.\" >&2\n    exit 1\nfi\n# This output is used by Xcode 'outputs' to avoid re-running this script phase.\necho \"SUCCESS\" > \"${SCRIPT_OUTPUT_FILE_0}\"\n";
			showEnvVarsInLog = 0;
		};
		CF39B64C81F657541C910D83 /* [CP] Check Pods Manifest.lock */ = {
			isa = PBXShellScriptBuildPhase;
			buildActionMask = 2147483647;
			files = (
			);
			inputFileListPaths = (
			);
			inputPaths = (
				"${PODS_PODFILE_DIR_PATH}/Podfile.lock",
				"${PODS_ROOT}/Manifest.lock",
			);
			name = "[CP] Check Pods Manifest.lock";
			outputFileListPaths = (
			);
			outputPaths = (
				"$(DERIVED_FILE_DIR)/Pods-CalculatorTests-checkManifestLockResult.txt",
			);
			runOnlyForDeploymentPostprocessing = 0;
			shellPath = /bin/sh;
			shellScript = "diff \"${PODS_PODFILE_DIR_PATH}/Podfile.lock\" \"${PODS_ROOT}/Manifest.lock\" > /dev/null\nif [ $? != 0 ] ; then\n    # print error to STDERR\n    echo \"error: The sandbox is not in sync with the Podfile.lock. Run 'pod install' or update your CocoaPods installation.\" >&2\n    exit 1\nfi\n# This output is used by Xcode 'outputs' to avoid re-running this script phase.\necho \"SUCCESS\" > \"${SCRIPT_OUTPUT_FILE_0}\"\n";
			showEnvVarsInLog = 0;
		};
		F7C214DBB3C243678CD09C17 /* [CP] Check Pods Manifest.lock */ = {
			isa = PBXShellScriptBuildPhase;
			buildActionMask = 2147483647;
			files = (
			);
			inputFileListPaths = (
			);
			inputPaths = (
				"${PODS_PODFILE_DIR_PATH}/Podfile.lock",
				"${PODS_ROOT}/Manifest.lock",
			);
			name = "[CP] Check Pods Manifest.lock";
			outputFileListPaths = (
			);
			outputPaths = (
				"$(DERIVED_FILE_DIR)/Pods-CalculatorUITests-checkManifestLockResult.txt",
			);
			runOnlyForDeploymentPostprocessing = 0;
			shellPath = /bin/sh;
			shellScript = "diff \"${PODS_PODFILE_DIR_PATH}/Podfile.lock\" \"${PODS_ROOT}/Manifest.lock\" > /dev/null\nif [ $? != 0 ] ; then\n    # print error to STDERR\n    echo \"error: The sandbox is not in sync with the Podfile.lock. Run 'pod install' or update your CocoaPods installation.\" >&2\n    exit 1\nfi\n# This output is used by Xcode 'outputs' to avoid re-running this script phase.\necho \"SUCCESS\" > \"${SCRIPT_OUTPUT_FILE_0}\"\n";
			showEnvVarsInLog = 0;
		};
/* End PBXShellScriptBuildPhase section */

/* Begin PBXSourcesBuildPhase section */
		1B7133CC213D930A004CB581 /* Sources */ = {
			isa = PBXSourcesBuildPhase;
			buildActionMask = 2147483647;
			files = (
				1B7133D6213D930A004CB581 /* ViewController.swift in Sources */,
				1B7133D4213D930A004CB581 /* AppDelegate.swift in Sources */,
			);
			runOnlyForDeploymentPostprocessing = 0;
		};
		1B7133E0213D930B004CB581 /* Sources */ = {
			isa = PBXSourcesBuildPhase;
			buildActionMask = 2147483647;
			files = (
				1B7133E9213D930B004CB581 /* CalculatorTests.swift in Sources */,
			);
			runOnlyForDeploymentPostprocessing = 0;
		};
		1B7133EB213D930C004CB581 /* Sources */ = {
			isa = PBXSourcesBuildPhase;
			buildActionMask = 2147483647;
			files = (
				1B7133F4213D930C004CB581 /* CalculatorUITests.swift in Sources */,
			);
			runOnlyForDeploymentPostprocessing = 0;
		};
/* End PBXSourcesBuildPhase section */

/* Begin PBXTargetDependency section */
		1B7133E6213D930B004CB581 /* PBXTargetDependency */ = {
			isa = PBXTargetDependency;
			target = 1B7133CF213D930A004CB581 /* Calculator */;
			targetProxy = 1B7133E5213D930B004CB581 /* PBXContainerItemProxy */;
		};
		1B7133F1213D930C004CB581 /* PBXTargetDependency */ = {
			isa = PBXTargetDependency;
			target = 1B7133CF213D930A004CB581 /* Calculator */;
			targetProxy = 1B7133F0213D930C004CB581 /* PBXContainerItemProxy */;
		};
/* End PBXTargetDependency section */

/* Begin PBXVariantGroup section */
		1B7133D7213D930A004CB581 /* Main.storyboard */ = {
			isa = PBXVariantGroup;
			children = (
				1B7133D8213D930A004CB581 /* Base */,
			);
			name = Main.storyboard;
			sourceTree = "<group>";
		};
		1B7133DC213D930B004CB581 /* LaunchScreen.storyboard */ = {
			isa = PBXVariantGroup;
			children = (
				1B7133DD213D930B004CB581 /* Base */,
			);
			name = LaunchScreen.storyboard;
			sourceTree = "<group>";
		};
/* End PBXVariantGroup section */

/* Begin XCBuildConfiguration section */
		1B7133F6213D930C004CB581 /* Debug */ = {
			isa = XCBuildConfiguration;
			buildSettings = {
				ALWAYS_SEARCH_USER_PATHS = NO;
				CLANG_ANALYZER_NONNULL = YES;
				CLANG_ANALYZER_NUMBER_OBJECT_CONVERSION = YES_AGGRESSIVE;
				CLANG_CXX_LANGUAGE_STANDARD = "gnu++14";
				CLANG_CXX_LIBRARY = "libc++";
				CLANG_ENABLE_MODULES = YES;
				CLANG_ENABLE_OBJC_ARC = YES;
				CLANG_ENABLE_OBJC_WEAK = YES;
				CLANG_WARN_BLOCK_CAPTURE_AUTORELEASING = YES;
				CLANG_WARN_BOOL_CONVERSION = YES;
				CLANG_WARN_COMMA = YES;
				CLANG_WARN_CONSTANT_CONVERSION = YES;
				CLANG_WARN_DEPRECATED_OBJC_IMPLEMENTATIONS = YES;
				CLANG_WARN_DIRECT_OBJC_ISA_USAGE = YES_ERROR;
				CLANG_WARN_DOCUMENTATION_COMMENTS = YES;
				CLANG_WARN_EMPTY_BODY = YES;
				CLANG_WARN_ENUM_CONVERSION = YES;
				CLANG_WARN_INFINITE_RECURSION = YES;
				CLANG_WARN_INT_CONVERSION = YES;
				CLANG_WARN_NON_LITERAL_NULL_CONVERSION = YES;
				CLANG_WARN_OBJC_IMPLICIT_RETAIN_SELF = YES;
				CLANG_WARN_OBJC_LITERAL_CONVERSION = YES;
				CLANG_WARN_OBJC_ROOT_CLASS = YES_ERROR;
				CLANG_WARN_RANGE_LOOP_ANALYSIS = YES;
				CLANG_WARN_STRICT_PROTOTYPES = YES;
				CLANG_WARN_SUSPICIOUS_MOVE = YES;
				CLANG_WARN_UNGUARDED_AVAILABILITY = YES_AGGRESSIVE;
				CLANG_WARN_UNREACHABLE_CODE = YES;
				CLANG_WARN__DUPLICATE_METHOD_MATCH = YES;
				CODE_SIGN_IDENTITY = "iPhone Developer";
				COPY_PHASE_STRIP = NO;
				DEBUG_INFORMATION_FORMAT = dwarf;
				ENABLE_STRICT_OBJC_MSGSEND = YES;
				ENABLE_TESTABILITY = YES;
				GCC_C_LANGUAGE_STANDARD = gnu11;
				GCC_DYNAMIC_NO_PIC = NO;
				GCC_NO_COMMON_BLOCKS = YES;
				GCC_OPTIMIZATION_LEVEL = 0;
				GCC_PREPROCESSOR_DEFINITIONS = (
					"DEBUG=1",
					"$(inherited)",
				);
				GCC_WARN_64_TO_32_BIT_CONVERSION = YES;
				GCC_WARN_ABOUT_RETURN_TYPE = YES_ERROR;
				GCC_WARN_UNDECLARED_SELECTOR = YES;
				GCC_WARN_UNINITIALIZED_AUTOS = YES_AGGRESSIVE;
				GCC_WARN_UNUSED_FUNCTION = YES;
				GCC_WARN_UNUSED_VARIABLE = YES;
				IPHONEOS_DEPLOYMENT_TARGET = 11.4;
				MTL_ENABLE_DEBUG_INFO = YES;
				ONLY_ACTIVE_ARCH = YES;
				SDKROOT = iphoneos;
				SWIFT_ACTIVE_COMPILATION_CONDITIONS = DEBUG;
				SWIFT_OPTIMIZATION_LEVEL = "-Onone";
			};
			name = Debug;
		};
		1B7133F7213D930C004CB581 /* Release */ = {
			isa = XCBuildConfiguration;
			buildSettings = {
				ALWAYS_SEARCH_USER_PATHS = NO;
				CLANG_ANALYZER_NONNULL = YES;
				CLANG_ANALYZER_NUMBER_OBJECT_CONVERSION = YES_AGGRESSIVE;
				CLANG_CXX_LANGUAGE_STANDARD = "gnu++14";
				CLANG_CXX_LIBRARY = "libc++";
				CLANG_ENABLE_MODULES = YES;
				CLANG_ENABLE_OBJC_ARC = YES;
				CLANG_ENABLE_OBJC_WEAK = YES;
				CLANG_WARN_BLOCK_CAPTURE_AUTORELEASING = YES;
				CLANG_WARN_BOOL_CONVERSION = YES;
				CLANG_WARN_COMMA = YES;
				CLANG_WARN_CONSTANT_CONVERSION = YES;
				CLANG_WARN_DEPRECATED_OBJC_IMPLEMENTATIONS = YES;
				CLANG_WARN_DIRECT_OBJC_ISA_USAGE = YES_ERROR;
				CLANG_WARN_DOCUMENTATION_COMMENTS = YES;
				CLANG_WARN_EMPTY_BODY = YES;
				CLANG_WARN_ENUM_CONVERSION = YES;
				CLANG_WARN_INFINITE_RECURSION = YES;
				CLANG_WARN_INT_CONVERSION = YES;
				CLANG_WARN_NON_LITERAL_NULL_CONVERSION = YES;
				CLANG_WARN_OBJC_IMPLICIT_RETAIN_SELF = YES;
				CLANG_WARN_OBJC_LITERAL_CONVERSION = YES;
				CLANG_WARN_OBJC_ROOT_CLASS = YES_ERROR;
				CLANG_WARN_RANGE_LOOP_ANALYSIS = YES;
				CLANG_WARN_STRICT_PROTOTYPES = YES;
				CLANG_WARN_SUSPICIOUS_MOVE = YES;
				CLANG_WARN_UNGUARDED_AVAILABILITY = YES_AGGRESSIVE;
				CLANG_WARN_UNREACHABLE_CODE = YES;
				CLANG_WARN__DUPLICATE_METHOD_MATCH = YES;
				CODE_SIGN_IDENTITY = "iPhone Developer";
				COPY_PHASE_STRIP = NO;
				DEBUG_INFORMATION_FORMAT = "dwarf-with-dsym";
				ENABLE_NS_ASSERTIONS = NO;
				ENABLE_STRICT_OBJC_MSGSEND = YES;
				GCC_C_LANGUAGE_STANDARD = gnu11;
				GCC_NO_COMMON_BLOCKS = YES;
				GCC_WARN_64_TO_32_BIT_CONVERSION = YES;
				GCC_WARN_ABOUT_RETURN_TYPE = YES_ERROR;
				GCC_WARN_UNDECLARED_SELECTOR = YES;
				GCC_WARN_UNINITIALIZED_AUTOS = YES_AGGRESSIVE;
				GCC_WARN_UNUSED_FUNCTION = YES;
				GCC_WARN_UNUSED_VARIABLE = YES;
				IPHONEOS_DEPLOYMENT_TARGET = 11.4;
				MTL_ENABLE_DEBUG_INFO = NO;
				SDKROOT = iphoneos;
				SWIFT_COMPILATION_MODE = wholemodule;
				SWIFT_OPTIMIZATION_LEVEL = "-O";
				VALIDATE_PRODUCT = YES;
			};
			name = Release;
		};
		1B7133F9213D930C004CB581 /* Debug */ = {
			isa = XCBuildConfiguration;
			baseConfigurationReference = 950643B82A7DC11936C8D8D9 /* Pods-Calculator.debug.xcconfig */;
			buildSettings = {
				ASSETCATALOG_COMPILER_APPICON_NAME = AppIcon;
				CODE_SIGN_STYLE = Automatic;
				DEVELOPMENT_TEAM = Q74V9BLXQ4;
				INFOPLIST_FILE = Calculator/Info.plist;
				IPHONEOS_DEPLOYMENT_TARGET = 11.0;
				LD_RUNPATH_SEARCH_PATHS = (
					"$(inherited)",
					"@executable_path/Frameworks",
				);
				PRODUCT_BUNDLE_IDENTIFIER = ThomasWinn.Calculator;
				PRODUCT_NAME = "$(TARGET_NAME)";
				SWIFT_VERSION = 4.0;
				TARGETED_DEVICE_FAMILY = "1,2";
			};
			name = Debug;
		};
		1B7133FA213D930C004CB581 /* Release */ = {
			isa = XCBuildConfiguration;
			baseConfigurationReference = 6D31F5EA4379FACDAC0A028A /* Pods-Calculator.release.xcconfig */;
			buildSettings = {
				ASSETCATALOG_COMPILER_APPICON_NAME = AppIcon;
				CODE_SIGN_STYLE = Automatic;
				DEVELOPMENT_TEAM = Q74V9BLXQ4;
				INFOPLIST_FILE = Calculator/Info.plist;
				IPHONEOS_DEPLOYMENT_TARGET = 11.0;
				LD_RUNPATH_SEARCH_PATHS = (
					"$(inherited)",
					"@executable_path/Frameworks",
				);
				PRODUCT_BUNDLE_IDENTIFIER = ThomasWinn.Calculator;
				PRODUCT_NAME = "$(TARGET_NAME)";
				SWIFT_VERSION = 4.0;
				TARGETED_DEVICE_FAMILY = "1,2";
			};
			name = Release;
		};
		1B7133FC213D930C004CB581 /* Debug */ = {
			isa = XCBuildConfiguration;
			baseConfigurationReference = F619AB780A425F23C15C26D6 /* Pods-CalculatorTests.debug.xcconfig */;
			buildSettings = {
				ALWAYS_EMBED_SWIFT_STANDARD_LIBRARIES = YES;
				BUNDLE_LOADER = "$(TEST_HOST)";
				CODE_SIGN_STYLE = Automatic;
				DEVELOPMENT_TEAM = Q74V9BLXQ4;
				INFOPLIST_FILE = CalculatorTests/Info.plist;
				LD_RUNPATH_SEARCH_PATHS = (
					"$(inherited)",
					"@executable_path/Frameworks",
					"@loader_path/Frameworks",
				);
				PRODUCT_BUNDLE_IDENTIFIER = ThomasWinn.CalculatorTests;
				PRODUCT_NAME = "$(TARGET_NAME)";
				SWIFT_VERSION = 4.0;
				TARGETED_DEVICE_FAMILY = "1,2";
				TEST_HOST = "$(BUILT_PRODUCTS_DIR)/Calculator.app/Calculator";
			};
			name = Debug;
		};
		1B7133FD213D930C004CB581 /* Release */ = {
			isa = XCBuildConfiguration;
			baseConfigurationReference = 9E9080E76CE9C72A1197C045 /* Pods-CalculatorTests.release.xcconfig */;
			buildSettings = {
				ALWAYS_EMBED_SWIFT_STANDARD_LIBRARIES = YES;
				BUNDLE_LOADER = "$(TEST_HOST)";
				CODE_SIGN_STYLE = Automatic;
				DEVELOPMENT_TEAM = Q74V9BLXQ4;
				INFOPLIST_FILE = CalculatorTests/Info.plist;
				LD_RUNPATH_SEARCH_PATHS = (
					"$(inherited)",
					"@executable_path/Frameworks",
					"@loader_path/Frameworks",
				);
				PRODUCT_BUNDLE_IDENTIFIER = ThomasWinn.CalculatorTests;
				PRODUCT_NAME = "$(TARGET_NAME)";
				SWIFT_VERSION = 4.0;
				TARGETED_DEVICE_FAMILY = "1,2";
				TEST_HOST = "$(BUILT_PRODUCTS_DIR)/Calculator.app/Calculator";
			};
			name = Release;
		};
		1B7133FF213D930C004CB581 /* Debug */ = {
			isa = XCBuildConfiguration;
			baseConfigurationReference = 283A21BB502700F4E248386D /* Pods-CalculatorUITests.debug.xcconfig */;
			buildSettings = {
				ALWAYS_EMBED_SWIFT_STANDARD_LIBRARIES = YES;
				CODE_SIGN_STYLE = Automatic;
				DEVELOPMENT_TEAM = Q74V9BLXQ4;
				INFOPLIST_FILE = CalculatorUITests/Info.plist;
				LD_RUNPATH_SEARCH_PATHS = (
					"$(inherited)",
					"@executable_path/Frameworks",
					"@loader_path/Frameworks",
				);
				PRODUCT_BUNDLE_IDENTIFIER = ThomasWinn.CalculatorUITests;
				PRODUCT_NAME = "$(TARGET_NAME)";
				SWIFT_VERSION = 4.0;
				TARGETED_DEVICE_FAMILY = "1,2";
				TEST_TARGET_NAME = Calculator;
			};
			name = Debug;
		};
		1B713400213D930C004CB581 /* Release */ = {
			isa = XCBuildConfiguration;
			baseConfigurationReference = C64FC923AC8570C4DE8F12FA /* Pods-CalculatorUITests.release.xcconfig */;
			buildSettings = {
				ALWAYS_EMBED_SWIFT_STANDARD_LIBRARIES = YES;
				CODE_SIGN_STYLE = Automatic;
				DEVELOPMENT_TEAM = Q74V9BLXQ4;
				INFOPLIST_FILE = CalculatorUITests/Info.plist;
				LD_RUNPATH_SEARCH_PATHS = (
					"$(inherited)",
					"@executable_path/Frameworks",
					"@loader_path/Frameworks",
				);
				PRODUCT_BUNDLE_IDENTIFIER = ThomasWinn.CalculatorUITests;
				PRODUCT_NAME = "$(TARGET_NAME)";
				SWIFT_VERSION = 4.0;
				TARGETED_DEVICE_FAMILY = "1,2";
				TEST_TARGET_NAME = Calculator;
			};
			name = Release;
		};
/* End XCBuildConfiguration section */

/* Begin XCConfigurationList section */
		1B7133CB213D930A004CB581 /* Build configuration list for PBXProject "Calculator" */ = {
			isa = XCConfigurationList;
			buildConfigurations = (
				1B7133F6213D930C004CB581 /* Debug */,
				1B7133F7213D930C004CB581 /* Release */,
			);
			defaultConfigurationIsVisible = 0;
			defaultConfigurationName = Release;
		};
		1B7133F8213D930C004CB581 /* Build configuration list for PBXNativeTarget "Calculator" */ = {
			isa = XCConfigurationList;
			buildConfigurations = (
				1B7133F9213D930C004CB581 /* Debug */,
				1B7133FA213D930C004CB581 /* Release */,
			);
			defaultConfigurationIsVisible = 0;
			defaultConfigurationName = Release;
		};
		1B7133FB213D930C004CB581 /* Build configuration list for PBXNativeTarget "CalculatorTests" */ = {
			isa = XCConfigurationList;
			buildConfigurations = (
				1B7133FC213D930C004CB581 /* Debug */,
				1B7133FD213D930C004CB581 /* Release */,
			);
			defaultConfigurationIsVisible = 0;
			defaultConfigurationName = Release;
		};
		1B7133FE213D930C004CB581 /* Build configuration list for PBXNativeTarget "CalculatorUITests" */ = {
			isa = XCConfigurationList;
			buildConfigurations = (
				1B7133FF213D930C004CB581 /* Debug */,
				1B713400213D930C004CB581 /* Release */,
			);
			defaultConfigurationIsVisible = 0;
			defaultConfigurationName = Release;
		};
/* End XCConfigurationList section */
	};
	rootObject = 1B7133C8213D930A004CB581 /* Project object */;
}
